// !$*UTF8*$!
{
	archiveVersion = 1;
	classes = {
	};
	objectVersion = 46;
	objects = {

/* Begin PBXBuildFile section */
		831E900D17CEC37E006AB6C9 /* board.cpp in Sources */ = {isa = PBXBuildFile; fileRef = 831E900B17CEC37E006AB6C9 /* board.cpp */; };
		831E900E17CEC37E006AB6C9 /* main.cpp in Sources */ = {isa = PBXBuildFile; fileRef = 831E900C17CEC37E006AB6C9 /* main.cpp */; };
		839802F817CEC51C00D95242 /* libtbb.dylib in Frameworks */ = {isa = PBXBuildFile; fileRef = 839802F717CEC51C00D95242 /* libtbb.dylib */; };
		839802FA17CEC52B00D95242 /* libtbbmalloc.dylib in Frameworks */ = {isa = PBXBuildFile; fileRef = 839802F917CEC52B00D95242 /* libtbbmalloc.dylib */; };
/* End PBXBuildFile section */

/* Begin PBXCopyFilesBuildPhase section */
		8302DBE917C969D20062F4EB /* Copy Files */ = {
			isa = PBXCopyFilesBuildPhase;
			buildActionMask = 12;
			dstPath = "";
			dstSubfolderSpec = 16;
			files = (
			);
			name = "Copy Files";
			runOnlyForDeploymentPostprocessing = 0;
		};
/* End PBXCopyFilesBuildPhase section */

/* Begin PBXFileReference section */
		8302DBEB17C969D20062F4EB /* game_of_life */ = {isa = PBXFileReference; explicitFileType = "compiled.mach-o.executable"; includeInIndex = 0; path = game_of_life; sourceTree = BUILT_PRODUCTS_DIR; };
		831E900B17CEC37E006AB6C9 /* board.cpp */ = {isa = PBXFileReference; fileEncoding = 4; lastKnownFileType = sourcecode.cpp.cpp; path = board.cpp; sourceTree = "<group>"; };
		831E900C17CEC37E006AB6C9 /* main.cpp */ = {isa = PBXFileReference; fileEncoding = 4; lastKnownFileType = sourcecode.cpp.cpp; path = main.cpp; sourceTree = "<group>"; };
		831E901017CEC385006AB6C9 /* board.h */ = {isa = PBXFileReference; fileEncoding = 4; lastKnownFileType = sourcecode.c.h; path = board.h; sourceTree = "<group>"; };
		835D2EE317C9D21D002228D4 /* LICENSE */ = {isa = PBXFileReference; fileEncoding = 4; lastKnownFileType = text; path = LICENSE; sourceTree = "<group>"; };
		835D2EE417C9D21D002228D4 /* README.md */ = {isa = PBXFileReference; fileEncoding = 4; lastKnownFileType = text; path = README.md; sourceTree = "<group>"; };
		839802F717CEC51C00D95242 /* libtbb.dylib */ = {isa = PBXFileReference; lastKnownFileType = "compiled.mach-o.dylib"; name = libtbb.dylib; path = ext/tbb41_20130613oss/lib/libtbb.dylib; sourceTree = "<group>"; };
		839802F917CEC52B00D95242 /* libtbbmalloc.dylib */ = {isa = PBXFileReference; lastKnownFileType = "compiled.mach-o.dylib"; name = libtbbmalloc.dylib; path = ext/tbb41_20130613oss/lib/libtbbmalloc.dylib; sourceTree = "<group>"; };
		839EAD1317CFC6DE002D641D /* board_test.cpp */ = {isa = PBXFileReference; lastKnownFileType = sourcecode.cpp.cpp; name = board_test.cpp; path = test/board_test.cpp; sourceTree = "<group>"; };
/* End PBXFileReference section */

/* Begin PBXFrameworksBuildPhase section */
		8302DBE817C969D20062F4EB /* Frameworks */ = {
			isa = PBXFrameworksBuildPhase;
			buildActionMask = 2147483647;
			files = (
				839802FA17CEC52B00D95242 /* libtbbmalloc.dylib in Frameworks */,
				839802F817CEC51C00D95242 /* libtbb.dylib in Frameworks */,
			);
			runOnlyForDeploymentPostprocessing = 0;
		};
/* End PBXFrameworksBuildPhase section */

/* Begin PBXGroup section */
		8302DBE217C969D20062F4EB = {
			isa = PBXGroup;
			children = (
				831E900417CEC336006AB6C9 /* Source Code */,
				839802FB17CEC5A200D95242 /* Frameworks */,
				8302DBEC17C969D20062F4EB /* Products */,
				835D2EE317C9D21D002228D4 /* LICENSE */,
				835D2EE417C9D21D002228D4 /* README.md */,
			);
			sourceTree = "<group>";
		};
		8302DBEC17C969D20062F4EB /* Products */ = {
			isa = PBXGroup;
			children = (
				8302DBEB17C969D20062F4EB /* game_of_life */,
			);
			name = Products;
			sourceTree = "<group>";
		};
		831E900417CEC336006AB6C9 /* Source Code */ = {
			isa = PBXGroup;
			children = (
				831E900F17CEC385006AB6C9 /* include */,
				831E900A17CEC37E006AB6C9 /* src */,
				831E901117CEC399006AB6C9 /* test */,
			);
			name = "Source Code";
			sourceTree = "<group>";
		};
		831E900A17CEC37E006AB6C9 /* src */ = {
			isa = PBXGroup;
			children = (
				831E900B17CEC37E006AB6C9 /* board.cpp */,
				831E900C17CEC37E006AB6C9 /* main.cpp */,
			);
			path = src;
			sourceTree = "<group>";
		};
		831E900F17CEC385006AB6C9 /* include */ = {
			isa = PBXGroup;
			children = (
				831E901017CEC385006AB6C9 /* board.h */,
			);
			path = include;
			sourceTree = "<group>";
		};
		831E901117CEC399006AB6C9 /* test */ = {
			isa = PBXGroup;
			children = (
				839EAD1317CFC6DE002D641D /* board_test.cpp */,
			);
			name = test;
			sourceTree = "<group>";
		};
		839802FB17CEC5A200D95242 /* Frameworks */ = {
			isa = PBXGroup;
			children = (
				839802F917CEC52B00D95242 /* libtbbmalloc.dylib */,
				839802F717CEC51C00D95242 /* libtbb.dylib */,
			);
			name = Frameworks;
			sourceTree = "<group>";
		};
/* End PBXGroup section */

/* Begin PBXNativeTarget section */
		8302DBEA17C969D20062F4EB /* game_of_life */ = {
			isa = PBXNativeTarget;
			buildConfigurationList = 8302DBF417C969D20062F4EB /* Build configuration list for PBXNativeTarget "game_of_life" */;
			buildPhases = (
				8302DBE717C969D20062F4EB /* Sources */,
				8302DBE817C969D20062F4EB /* Frameworks */,
				8302DBE917C969D20062F4EB /* Copy Files */,
			);
			buildRules = (
			);
			dependencies = (
			);
			name = game_of_life;
			productName = game_of_life;
			productReference = 8302DBEB17C969D20062F4EB /* game_of_life */;
			productType = "com.apple.product-type.tool";
		};
/* End PBXNativeTarget section */

/* Begin PBXProject section */
		8302DBE317C969D20062F4EB /* Project object */ = {
			isa = PBXProject;
			attributes = {
				LastUpgradeCheck = 0500;
				ORGANIZATIONNAME = "Prylis Inc.";
			};
			buildConfigurationList = 8302DBE617C969D20062F4EB /* Build configuration list for PBXProject "game_of_life" */;
			compatibilityVersion = "Xcode 3.2";
			developmentRegion = English;
			hasScannedForEncodings = 0;
			knownRegions = (
				en,
			);
			mainGroup = 8302DBE217C969D20062F4EB;
			productRefGroup = 8302DBEC17C969D20062F4EB /* Products */;
			projectDirPath = "";
			projectRoot = "";
			targets = (
				8302DBEA17C969D20062F4EB /* game_of_life */,
			);
		};
/* End PBXProject section */

/* Begin PBXSourcesBuildPhase section */
		8302DBE717C969D20062F4EB /* Sources */ = {
			isa = PBXSourcesBuildPhase;
			buildActionMask = 2147483647;
			files = (
				831E900E17CEC37E006AB6C9 /* main.cpp in Sources */,
				831E900D17CEC37E006AB6C9 /* board.cpp in Sources */,
			);
			runOnlyForDeploymentPostprocessing = 0;
		};
/* End PBXSourcesBuildPhase section */

/* Begin XCBuildConfiguration section */
		8302DBF217C969D20062F4EB /* Debug */ = {
			isa = XCBuildConfiguration;
			buildSettings = {
				ALWAYS_SEARCH_USER_PATHS = NO;
				CLANG_CXX_LANGUAGE_STANDARD = "gnu++0x";
				CLANG_CXX_LIBRARY = "libc++";
				CLANG_ENABLE_MODULES = YES;
				CLANG_ENABLE_OBJC_ARC = YES;
				CLANG_WARN_BOOL_CONVERSION = YES;
				CLANG_WARN_CONSTANT_CONVERSION = YES;
				CLANG_WARN_DIRECT_OBJC_ISA_USAGE = YES_ERROR;
				CLANG_WARN_EMPTY_BODY = YES;
				CLANG_WARN_ENUM_CONVERSION = YES;
				CLANG_WARN_INT_CONVERSION = YES;
				CLANG_WARN_OBJC_ROOT_CLASS = YES_ERROR;
				CLANG_WARN__DUPLICATE_METHOD_MATCH = YES;
				COPY_PHASE_STRIP = NO;
				GCC_C_LANGUAGE_STANDARD = gnu99;
				GCC_DYNAMIC_NO_PIC = NO;
				GCC_ENABLE_OBJC_EXCEPTIONS = YES;
				GCC_OPTIMIZATION_LEVEL = 0;
				GCC_PREPROCESSOR_DEFINITIONS = (
					"DEBUG=1",
					"$(inherited)",
				);
				GCC_SYMBOLS_PRIVATE_EXTERN = NO;
				GCC_WARN_64_TO_32_BIT_CONVERSION = YES;
				GCC_WARN_ABOUT_RETURN_TYPE = YES_ERROR;
				GCC_WARN_UNDECLARED_SELECTOR = YES;
				GCC_WARN_UNINITIALIZED_AUTOS = YES;
				GCC_WARN_UNUSED_FUNCTION = YES;
				GCC_WARN_UNUSED_VARIABLE = YES;
				MACOSX_DEPLOYMENT_TARGET = 10.8;
				ONLY_ACTIVE_ARCH = YES;
				SDKROOT = macosx;
			};
			name = Debug;
		};
		8302DBF317C969D20062F4EB /* Release */ = {
			isa = XCBuildConfiguration;
			buildSettings = {
				ALWAYS_SEARCH_USER_PATHS = NO;
				CLANG_CXX_LANGUAGE_STANDARD = "gnu++0x";
				CLANG_CXX_LIBRARY = "libc++";
				CLANG_ENABLE_MODULES = YES;
				CLANG_ENABLE_OBJC_ARC = YES;
				CLANG_WARN_BOOL_CONVERSION = YES;
				CLANG_WARN_CONSTANT_CONVERSION = YES;
				CLANG_WARN_DIRECT_OBJC_ISA_USAGE = YES_ERROR;
				CLANG_WARN_EMPTY_BODY = YES;
				CLANG_WARN_ENUM_CONVERSION = YES;
				CLANG_WARN_INT_CONVERSION = YES;
				CLANG_WARN_OBJC_ROOT_CLASS = YES_ERROR;
				CLANG_WARN__DUPLICATE_METHOD_MATCH = YES;
				COPY_PHASE_STRIP = YES;
				DEBUG_INFORMATION_FORMAT = "dwarf-with-dsym";
				ENABLE_NS_ASSERTIONS = NO;
				GCC_C_LANGUAGE_STANDARD = gnu99;
				GCC_ENABLE_OBJC_EXCEPTIONS = YES;
				GCC_WARN_64_TO_32_BIT_CONVERSION = YES;
				GCC_WARN_ABOUT_RETURN_TYPE = YES_ERROR;
				GCC_WARN_UNDECLARED_SELECTOR = YES;
				GCC_WARN_UNINITIALIZED_AUTOS = YES;
				GCC_WARN_UNUSED_FUNCTION = YES;
				GCC_WARN_UNUSED_VARIABLE = YES;
				MACOSX_DEPLOYMENT_TARGET = 10.8;
				SDKROOT = macosx;
			};
			name = Release;
		};
		8302DBF517C969D20062F4EB /* Debug */ = {
			isa = XCBuildConfiguration;
			buildSettings = {
				ALWAYS_SEARCH_USER_PATHS = YES;
				HEADER_SEARCH_PATHS = ./ext/tbb41_20130613oss/include;
				LIBRARY_SEARCH_PATHS = (
					"$(inherited)",
					./ext/tbb41_20130613oss/lib,
				);
				PRODUCT_NAME = "$(TARGET_NAME)";
			};
			name = Debug;
		};
		8302DBF617C969D20062F4EB /* Release */ = {
			isa = XCBuildConfiguration;
			buildSettings = {
				ALWAYS_SEARCH_USER_PATHS = YES;
				HEADER_SEARCH_PATHS = ./ext/tbb41_20130613oss/include;
				LIBRARY_SEARCH_PATHS = (
					"$(inherited)",
					./ext/tbb41_20130613oss/lib,
				);
				PRODUCT_NAME = "$(TARGET_NAME)";
			};
			name = Release;
		};
/* End XCBuildConfiguration section */

/* Begin XCConfigurationList section */
		8302DBE617C969D20062F4EB /* Build configuration list for PBXProject "game_of_life" */ = {
			isa = XCConfigurationList;
			buildConfigurations = (
				8302DBF217C969D20062F4EB /* Debug */,
				8302DBF317C969D20062F4EB /* Release */,
			);
			defaultConfigurationIsVisible = 0;
			defaultConfigurationName = Release;
		};
		8302DBF417C969D20062F4EB /* Build configuration list for PBXNativeTarget "game_of_life" */ = {
			isa = XCConfigurationList;
			buildConfigurations = (
				8302DBF517C969D20062F4EB /* Debug */,
				8302DBF617C969D20062F4EB /* Release */,
			);
			defaultConfigurationIsVisible = 0;
			defaultConfigurationName = Release;
		};
/* End XCConfigurationList section */
	};
	rootObject = 8302DBE317C969D20062F4EB /* Project object */;
}
